// !$*UTF8*$!
{
	archiveVersion = 1;
	classes = {
	};
	objectVersion = 56;
	objects = {

/* Begin PBXBuildFile section */
		233DF69A2AF6D7300020F2F8 /* Home_EvaluatorApp.swift in Sources */ = {isa = PBXBuildFile; fileRef = 233DF6992AF6D7300020F2F8 /* Home_EvaluatorApp.swift */; };
		233DF69C2AF6D7300020F2F8 /* ContentView.swift in Sources */ = {isa = PBXBuildFile; fileRef = 233DF69B2AF6D7300020F2F8 /* ContentView.swift */; };
		233DF69E2AF6D7330020F2F8 /* Assets.xcassets in Resources */ = {isa = PBXBuildFile; fileRef = 233DF69D2AF6D7330020F2F8 /* Assets.xcassets */; };
		233DF6A22AF6D7330020F2F8 /* Preview Assets.xcassets in Resources */ = {isa = PBXBuildFile; fileRef = 233DF6A12AF6D7330020F2F8 /* Preview Assets.xcassets */; };
		233DF6A92AF6DB8B0020F2F8 /* RoomCaptureViewController.swift in Sources */ = {isa = PBXBuildFile; fileRef = 233DF6A82AF6DB8B0020F2F8 /* RoomCaptureViewController.swift */; };
		233DF6AB2AF6F7120020F2F8 /* ListingCard.swift in Sources */ = {isa = PBXBuildFile; fileRef = 233DF6AA2AF6F7120020F2F8 /* ListingCard.swift */; };
		233DF6AD2AF70CB00020F2F8 /* ReportView.swift in Sources */ = {isa = PBXBuildFile; fileRef = 233DF6AC2AF70CB00020F2F8 /* ReportView.swift */; };
		233DF6AF2AF725EF0020F2F8 /* AddressView.swift in Sources */ = {isa = PBXBuildFile; fileRef = 233DF6AE2AF725EF0020F2F8 /* AddressView.swift */; };
		233DF6B12AF726500020F2F8 /* LocationManager.swift in Sources */ = {isa = PBXBuildFile; fileRef = 233DF6B02AF726500020F2F8 /* LocationManager.swift */; };
		2360AC442AF740F8007FB308 /* ScannerView.swift in Sources */ = {isa = PBXBuildFile; fileRef = 2360AC432AF740F8007FB308 /* ScannerView.swift */; };
/* End PBXBuildFile section */

/* Begin PBXFileReference section */
		233DF6962AF6D7300020F2F8 /* Home-Evaluator.app */ = {isa = PBXFileReference; explicitFileType = wrapper.application; includeInIndex = 0; path = "Home-Evaluator.app"; sourceTree = BUILT_PRODUCTS_DIR; };
		233DF6992AF6D7300020F2F8 /* Home_EvaluatorApp.swift */ = {isa = PBXFileReference; lastKnownFileType = sourcecode.swift; path = Home_EvaluatorApp.swift; sourceTree = "<group>"; };
		233DF69B2AF6D7300020F2F8 /* ContentView.swift */ = {isa = PBXFileReference; lastKnownFileType = sourcecode.swift; path = ContentView.swift; sourceTree = "<group>"; };
		233DF69D2AF6D7330020F2F8 /* Assets.xcassets */ = {isa = PBXFileReference; lastKnownFileType = folder.assetcatalog; path = Assets.xcassets; sourceTree = "<group>"; };
		233DF69F2AF6D7330020F2F8 /* Home_Evaluator.entitlements */ = {isa = PBXFileReference; lastKnownFileType = text.plist.entitlements; path = Home_Evaluator.entitlements; sourceTree = "<group>"; };
		233DF6A12AF6D7330020F2F8 /* Preview Assets.xcassets */ = {isa = PBXFileReference; lastKnownFileType = folder.assetcatalog; path = "Preview Assets.xcassets"; sourceTree = "<group>"; };
		233DF6A82AF6DB8B0020F2F8 /* RoomCaptureViewController.swift */ = {isa = PBXFileReference; fileEncoding = 4; lastKnownFileType = sourcecode.swift; path = RoomCaptureViewController.swift; sourceTree = "<group>"; };
		233DF6AA2AF6F7120020F2F8 /* ListingCard.swift */ = {isa = PBXFileReference; lastKnownFileType = sourcecode.swift; path = ListingCard.swift; sourceTree = "<group>"; };
		233DF6AC2AF70CB00020F2F8 /* ReportView.swift */ = {isa = PBXFileReference; lastKnownFileType = sourcecode.swift; path = ReportView.swift; sourceTree = "<group>"; };
		233DF6AE2AF725EF0020F2F8 /* AddressView.swift */ = {isa = PBXFileReference; lastKnownFileType = sourcecode.swift; path = AddressView.swift; sourceTree = "<group>"; };
		233DF6B02AF726500020F2F8 /* LocationManager.swift */ = {isa = PBXFileReference; lastKnownFileType = sourcecode.swift; path = LocationManager.swift; sourceTree = "<group>"; };
		2360AC432AF740F8007FB308 /* ScannerView.swift */ = {isa = PBXFileReference; lastKnownFileType = sourcecode.swift; path = ScannerView.swift; sourceTree = "<group>"; };
/* End PBXFileReference section */

/* Begin PBXFrameworksBuildPhase section */
		233DF6932AF6D7300020F2F8 /* Frameworks */ = {
			isa = PBXFrameworksBuildPhase;
			buildActionMask = 2147483647;
			files = (
			);
			runOnlyForDeploymentPostprocessing = 0;
		};
/* End PBXFrameworksBuildPhase section */

/* Begin PBXGroup section */
		233DF68D2AF6D7300020F2F8 = {
			isa = PBXGroup;
			children = (
				233DF6982AF6D7300020F2F8 /* Home-Evaluator */,
				233DF6972AF6D7300020F2F8 /* Products */,
			);
			sourceTree = "<group>";
		};
		233DF6972AF6D7300020F2F8 /* Products */ = {
			isa = PBXGroup;
			children = (
				233DF6962AF6D7300020F2F8 /* Home-Evaluator.app */,
			);
			name = Products;
			sourceTree = "<group>";
		};
		233DF6982AF6D7300020F2F8 /* Home-Evaluator */ = {
			isa = PBXGroup;
			children = (
				233DF6992AF6D7300020F2F8 /* Home_EvaluatorApp.swift */,
				233DF69B2AF6D7300020F2F8 /* ContentView.swift */,
				2360AC432AF740F8007FB308 /* ScannerView.swift */,
				233DF6AC2AF70CB00020F2F8 /* ReportView.swift */,
				233DF6AE2AF725EF0020F2F8 /* AddressView.swift */,
				233DF6B02AF726500020F2F8 /* LocationManager.swift */,
				233DF6AA2AF6F7120020F2F8 /* ListingCard.swift */,
				233DF6A82AF6DB8B0020F2F8 /* RoomCaptureViewController.swift */,
				233DF69D2AF6D7330020F2F8 /* Assets.xcassets */,
				233DF69F2AF6D7330020F2F8 /* Home_Evaluator.entitlements */,
				233DF6A02AF6D7330020F2F8 /* Preview Content */,
			);
			path = "Home-Evaluator";
			sourceTree = "<group>";
		};
		233DF6A02AF6D7330020F2F8 /* Preview Content */ = {
			isa = PBXGroup;
			children = (
				233DF6A12AF6D7330020F2F8 /* Preview Assets.xcassets */,
			);
			path = "Preview Content";
			sourceTree = "<group>";
		};
/* End PBXGroup section */

/* Begin PBXNativeTarget section */
		233DF6952AF6D7300020F2F8 /* Home-Evaluator */ = {
			isa = PBXNativeTarget;
			buildConfigurationList = 233DF6A52AF6D7330020F2F8 /* Build configuration list for PBXNativeTarget "Home-Evaluator" */;
			buildPhases = (
				233DF6922AF6D7300020F2F8 /* Sources */,
				233DF6932AF6D7300020F2F8 /* Frameworks */,
				233DF6942AF6D7300020F2F8 /* Resources */,
			);
			buildRules = (
			);
			dependencies = (
			);
			name = "Home-Evaluator";
			productName = "Home-Evaluator";
			productReference = 233DF6962AF6D7300020F2F8 /* Home-Evaluator.app */;
			productType = "com.apple.product-type.application";
		};
/* End PBXNativeTarget section */

/* Begin PBXProject section */
		233DF68E2AF6D7300020F2F8 /* Project object */ = {
			isa = PBXProject;
			attributes = {
				BuildIndependentTargetsInParallel = 1;
				LastSwiftUpdateCheck = 1500;
				LastUpgradeCheck = 1500;
				TargetAttributes = {
					233DF6952AF6D7300020F2F8 = {
						CreatedOnToolsVersion = 15.0;
					};
				};
			};
			buildConfigurationList = 233DF6912AF6D7300020F2F8 /* Build configuration list for PBXProject "Home-Evaluator" */;
			compatibilityVersion = "Xcode 14.0";
			developmentRegion = en;
			hasScannedForEncodings = 0;
			knownRegions = (
				en,
				Base,
			);
			mainGroup = 233DF68D2AF6D7300020F2F8;
			productRefGroup = 233DF6972AF6D7300020F2F8 /* Products */;
			projectDirPath = "";
			projectRoot = "";
			targets = (
				233DF6952AF6D7300020F2F8 /* Home-Evaluator */,
			);
		};
/* End PBXProject section */

/* Begin PBXResourcesBuildPhase section */
		233DF6942AF6D7300020F2F8 /* Resources */ = {
			isa = PBXResourcesBuildPhase;
			buildActionMask = 2147483647;
			files = (
				233DF6A22AF6D7330020F2F8 /* Preview Assets.xcassets in Resources */,
				233DF69E2AF6D7330020F2F8 /* Assets.xcassets in Resources */,
			);
			runOnlyForDeploymentPostprocessing = 0;
		};
/* End PBXResourcesBuildPhase section */

/* Begin PBXSourcesBuildPhase section */
		233DF6922AF6D7300020F2F8 /* Sources */ = {
			isa = PBXSourcesBuildPhase;
			buildActionMask = 2147483647;
			files = (
				233DF6AB2AF6F7120020F2F8 /* ListingCard.swift in Sources */,
				2360AC442AF740F8007FB308 /* ScannerView.swift in Sources */,
				233DF69C2AF6D7300020F2F8 /* ContentView.swift in Sources */,
				233DF69A2AF6D7300020F2F8 /* Home_EvaluatorApp.swift in Sources */,
				233DF6B12AF726500020F2F8 /* LocationManager.swift in Sources */,
				233DF6AD2AF70CB00020F2F8 /* ReportView.swift in Sources */,
				233DF6A92AF6DB8B0020F2F8 /* RoomCaptureViewController.swift in Sources */,
				233DF6AF2AF725EF0020F2F8 /* AddressView.swift in Sources */,
			);
			runOnlyForDeploymentPostprocessing = 0;
		};
/* End PBXSourcesBuildPhase section */

/* Begin XCBuildConfiguration section */
		233DF6A32AF6D7330020F2F8 /* Debug */ = {
			isa = XCBuildConfiguration;
			buildSettings = {
				ALWAYS_SEARCH_USER_PATHS = NO;
				ASSETCATALOG_COMPILER_GENERATE_SWIFT_ASSET_SYMBOL_EXTENSIONS = YES;
				CLANG_ANALYZER_NONNULL = YES;
				CLANG_ANALYZER_NUMBER_OBJECT_CONVERSION = YES_AGGRESSIVE;
				CLANG_CXX_LANGUAGE_STANDARD = "gnu++20";
				CLANG_ENABLE_MODULES = YES;
				CLANG_ENABLE_OBJC_ARC = YES;
				CLANG_ENABLE_OBJC_WEAK = YES;
				CLANG_WARN_BLOCK_CAPTURE_AUTORELEASING = YES;
				CLANG_WARN_BOOL_CONVERSION = YES;
				CLANG_WARN_COMMA = YES;
				CLANG_WARN_CONSTANT_CONVERSION = YES;
				CLANG_WARN_DEPRECATED_OBJC_IMPLEMENTATIONS = YES;
				CLANG_WARN_DIRECT_OBJC_ISA_USAGE = YES_ERROR;
				CLANG_WARN_DOCUMENTATION_COMMENTS = YES;
				CLANG_WARN_EMPTY_BODY = YES;
				CLANG_WARN_ENUM_CONVERSION = YES;
				CLANG_WARN_INFINITE_RECURSION = YES;
				CLANG_WARN_INT_CONVERSION = YES;
				CLANG_WARN_NON_LITERAL_NULL_CONVERSION = YES;
				CLANG_WARN_OBJC_IMPLICIT_RETAIN_SELF = YES;
				CLANG_WARN_OBJC_LITERAL_CONVERSION = YES;
				CLANG_WARN_OBJC_ROOT_CLASS = YES_ERROR;
				CLANG_WARN_QUOTED_INCLUDE_IN_FRAMEWORK_HEADER = YES;
				CLANG_WARN_RANGE_LOOP_ANALYSIS = YES;
				CLANG_WARN_STRICT_PROTOTYPES = YES;
				CLANG_WARN_SUSPICIOUS_MOVE = YES;
				CLANG_WARN_UNGUARDED_AVAILABILITY = YES_AGGRESSIVE;
				CLANG_WARN_UNREACHABLE_CODE = YES;
				CLANG_WARN__DUPLICATE_METHOD_MATCH = YES;
				COPY_PHASE_STRIP = NO;
				DEBUG_INFORMATION_FORMAT = dwarf;
				ENABLE_STRICT_OBJC_MSGSEND = YES;
				ENABLE_TESTABILITY = YES;
				ENABLE_USER_SCRIPT_SANDBOXING = YES;
				GCC_C_LANGUAGE_STANDARD = gnu17;
				GCC_DYNAMIC_NO_PIC = NO;
				GCC_NO_COMMON_BLOCKS = YES;
				GCC_OPTIMIZATION_LEVEL = 0;
				GCC_PREPROCESSOR_DEFINITIONS = (
					"DEBUG=1",
					"$(inherited)",
				);
				GCC_WARN_64_TO_32_BIT_CONVERSION = YES;
				GCC_WARN_ABOUT_RETURN_TYPE = YES_ERROR;
				GCC_WARN_UNDECLARED_SELECTOR = YES;
				GCC_WARN_UNINITIALIZED_AUTOS = YES_AGGRESSIVE;
				GCC_WARN_UNUSED_FUNCTION = YES;
				GCC_WARN_UNUSED_VARIABLE = YES;
				LOCALIZATION_PREFERS_STRING_CATALOGS = YES;
				MTL_ENABLE_DEBUG_INFO = INCLUDE_SOURCE;
				MTL_FAST_MATH = YES;
				ONLY_ACTIVE_ARCH = YES;
				SWIFT_ACTIVE_COMPILATION_CONDITIONS = "DEBUG $(inherited)";
				SWIFT_OPTIMIZATION_LEVEL = "-Onone";
			};
			name = Debug;
		};
		233DF6A42AF6D7330020F2F8 /* Release */ = {
			isa = XCBuildConfiguration;
			buildSettings = {
				ALWAYS_SEARCH_USER_PATHS = NO;
				ASSETCATALOG_COMPILER_GENERATE_SWIFT_ASSET_SYMBOL_EXTENSIONS = YES;
				CLANG_ANALYZER_NONNULL = YES;
				CLANG_ANALYZER_NUMBER_OBJECT_CONVERSION = YES_AGGRESSIVE;
				CLANG_CXX_LANGUAGE_STANDARD = "gnu++20";
				CLANG_ENABLE_MODULES = YES;
				CLANG_ENABLE_OBJC_ARC = YES;
				CLANG_ENABLE_OBJC_WEAK = YES;
				CLANG_WARN_BLOCK_CAPTURE_AUTORELEASING = YES;
				CLANG_WARN_BOOL_CONVERSION = YES;
				CLANG_WARN_COMMA = YES;
				CLANG_WARN_CONSTANT_CONVERSION = YES;
				CLANG_WARN_DEPRECATED_OBJC_IMPLEMENTATIONS = YES;
				CLANG_WARN_DIRECT_OBJC_ISA_USAGE = YES_ERROR;
				CLANG_WARN_DOCUMENTATION_COMMENTS = YES;
				CLANG_WARN_EMPTY_BODY = YES;
				CLANG_WARN_ENUM_CONVERSION = YES;
				CLANG_WARN_INFINITE_RECURSION = YES;
				CLANG_WARN_INT_CONVERSION = YES;
				CLANG_WARN_NON_LITERAL_NULL_CONVERSION = YES;
				CLANG_WARN_OBJC_IMPLICIT_RETAIN_SELF = YES;
				CLANG_WARN_OBJC_LITERAL_CONVERSION = YES;
				CLANG_WARN_OBJC_ROOT_CLASS = YES_ERROR;
				CLANG_WARN_QUOTED_INCLUDE_IN_FRAMEWORK_HEADER = YES;
				CLANG_WARN_RANGE_LOOP_ANALYSIS = YES;
				CLANG_WARN_STRICT_PROTOTYPES = YES;
				CLANG_WARN_SUSPICIOUS_MOVE = YES;
				CLANG_WARN_UNGUARDED_AVAILABILITY = YES_AGGRESSIVE;
				CLANG_WARN_UNREACHABLE_CODE = YES;
				CLANG_WARN__DUPLICATE_METHOD_MATCH = YES;
				COPY_PHASE_STRIP = NO;
				DEBUG_INFORMATION_FORMAT = "dwarf-with-dsym";
				ENABLE_NS_ASSERTIONS = NO;
				ENABLE_STRICT_OBJC_MSGSEND = YES;
				ENABLE_USER_SCRIPT_SANDBOXING = YES;
				GCC_C_LANGUAGE_STANDARD = gnu17;
				GCC_NO_COMMON_BLOCKS = YES;
				GCC_WARN_64_TO_32_BIT_CONVERSION = YES;
				GCC_WARN_ABOUT_RETURN_TYPE = YES_ERROR;
				GCC_WARN_UNDECLARED_SELECTOR = YES;
				GCC_WARN_UNINITIALIZED_AUTOS = YES_AGGRESSIVE;
				GCC_WARN_UNUSED_FUNCTION = YES;
				GCC_WARN_UNUSED_VARIABLE = YES;
				LOCALIZATION_PREFERS_STRING_CATALOGS = YES;
				MTL_ENABLE_DEBUG_INFO = NO;
				MTL_FAST_MATH = YES;
				SWIFT_COMPILATION_MODE = wholemodule;
			};
			name = Release;
		};
		233DF6A62AF6D7330020F2F8 /* Debug */ = {
			isa = XCBuildConfiguration;
			buildSettings = {
				ASSETCATALOG_COMPILER_APPICON_NAME = AppIcon;
				ASSETCATALOG_COMPILER_GLOBAL_ACCENT_COLOR_NAME = AccentColor;
				CODE_SIGN_ENTITLEMENTS = "Home-Evaluator/Home_Evaluator.entitlements";
				CODE_SIGN_STYLE = Automatic;
				CURRENT_PROJECT_VERSION = 1;
				DEVELOPMENT_ASSET_PATHS = "\"Home-Evaluator/Preview Content\"";
				DEVELOPMENT_TEAM = 9W7546BN3K;
				ENABLE_HARDENED_RUNTIME = YES;
				ENABLE_PREVIEWS = YES;
				GENERATE_INFOPLIST_FILE = YES;
				INFOPLIST_KEY_NSCameraUsageDescription = "The camera is used to understand the building's floorplan";
				INFOPLIST_KEY_NSLocationAlwaysAndWhenInUseUsageDescription = "Location is used to determine your home value";
				INFOPLIST_KEY_NSLocationAlwaysUsageDescription = "Location is used to determine your home value";
				INFOPLIST_KEY_NSLocationWhenInUseUsageDescription = "Location is used to determine your home value";
				"INFOPLIST_KEY_UIApplicationSceneManifest_Generation[sdk=iphoneos*]" = YES;
				"INFOPLIST_KEY_UIApplicationSceneManifest_Generation[sdk=iphonesimulator*]" = YES;
				"INFOPLIST_KEY_UIApplicationSupportsIndirectInputEvents[sdk=iphoneos*]" = YES;
				"INFOPLIST_KEY_UIApplicationSupportsIndirectInputEvents[sdk=iphonesimulator*]" = YES;
				"INFOPLIST_KEY_UILaunchScreen_Generation[sdk=iphoneos*]" = YES;
				"INFOPLIST_KEY_UILaunchScreen_Generation[sdk=iphonesimulator*]" = YES;
				"INFOPLIST_KEY_UIStatusBarStyle[sdk=iphoneos*]" = UIStatusBarStyleDefault;
				"INFOPLIST_KEY_UIStatusBarStyle[sdk=iphonesimulator*]" = UIStatusBarStyleDefault;
				INFOPLIST_KEY_UISupportedInterfaceOrientations_iPad = "UIInterfaceOrientationPortrait UIInterfaceOrientationPortraitUpsideDown UIInterfaceOrientationLandscapeLeft UIInterfaceOrientationLandscapeRight";
				INFOPLIST_KEY_UISupportedInterfaceOrientations_iPhone = "UIInterfaceOrientationPortrait UIInterfaceOrientationLandscapeLeft UIInterfaceOrientationLandscapeRight";
				IPHONEOS_DEPLOYMENT_TARGET = 17.0;
				LD_RUNPATH_SEARCH_PATHS = "@executable_path/Frameworks";
				"LD_RUNPATH_SEARCH_PATHS[sdk=macosx*]" = "@executable_path/../Frameworks";
				MACOSX_DEPLOYMENT_TARGET = 14.0;
				MARKETING_VERSION = 1.0;
				PRODUCT_BUNDLE_IDENTIFIER = "com.aluben.Home-Evaluator";
				PRODUCT_NAME = "$(TARGET_NAME)";
				SDKROOT = auto;
				SUPPORTED_PLATFORMS = "iphoneos iphonesimulator macosx";
				SWIFT_EMIT_LOC_STRINGS = YES;
				SWIFT_VERSION = 5.0;
				TARGETED_DEVICE_FAMILY = "1,2";
			};
			name = Debug;
		};
		233DF6A72AF6D7330020F2F8 /* Release */ = {
			isa = XCBuildConfiguration;
			buildSettings = {
				ASSETCATALOG_COMPILER_APPICON_NAME = AppIcon;
				ASSETCATALOG_COMPILER_GLOBAL_ACCENT_COLOR_NAME = AccentColor;
				CODE_SIGN_ENTITLEMENTS = "Home-Evaluator/Home_Evaluator.entitlements";
				CODE_SIGN_STYLE = Automatic;
				CURRENT_PROJECT_VERSION = 1;
				DEVELOPMENT_ASSET_PATHS = "\"Home-Evaluator/Preview Content\"";
				DEVELOPMENT_TEAM = 9W7546BN3K;
				ENABLE_HARDENED_RUNTIME = YES;
				ENABLE_PREVIEWS = YES;
				GENERATE_INFOPLIST_FILE = YES;
				INFOPLIST_KEY_NSCameraUsageDescription = "The camera is used to understand the building's floorplan";
				INFOPLIST_KEY_NSLocationAlwaysAndWhenInUseUsageDescription = "Location is used to determine your home value";
				INFOPLIST_KEY_NSLocationAlwaysUsageDescription = "Location is used to determine your home value";
				INFOPLIST_KEY_NSLocationWhenInUseUsageDescription = "Location is used to determine your home value";
				"INFOPLIST_KEY_UIApplicationSceneManifest_Generation[sdk=iphoneos*]" = YES;
				"INFOPLIST_KEY_UIApplicationSceneManifest_Generation[sdk=iphonesimulator*]" = YES;
				"INFOPLIST_KEY_UIApplicationSupportsIndirectInputEvents[sdk=iphoneos*]" = YES;
				"INFOPLIST_KEY_UIApplicationSupportsIndirectInputEvents[sdk=iphonesimulator*]" = YES;
				"INFOPLIST_KEY_UILaunchScreen_Generation[sdk=iphoneos*]" = YES;
				"INFOPLIST_KEY_UILaunchScreen_Generation[sdk=iphonesimulator*]" = YES;
				"INFOPLIST_KEY_UIStatusBarStyle[sdk=iphoneos*]" = UIStatusBarStyleDefault;
				"INFOPLIST_KEY_UIStatusBarStyle[sdk=iphonesimulator*]" = UIStatusBarStyleDefault;
				INFOPLIST_KEY_UISupportedInterfaceOrientations_iPad = "UIInterfaceOrientationPortrait UIInterfaceOrientationPortraitUpsideDown UIInterfaceOrientationLandscapeLeft UIInterfaceOrientationLandscapeRight";
				INFOPLIST_KEY_UISupportedInterfaceOrientations_iPhone = "UIInterfaceOrientationPortrait UIInterfaceOrientationLandscapeLeft UIInterfaceOrientationLandscapeRight";
				IPHONEOS_DEPLOYMENT_TARGET = 17.0;
				LD_RUNPATH_SEARCH_PATHS = "@executable_path/Frameworks";
				"LD_RUNPATH_SEARCH_PATHS[sdk=macosx*]" = "@executable_path/../Frameworks";
				MACOSX_DEPLOYMENT_TARGET = 14.0;
				MARKETING_VERSION = 1.0;
				PRODUCT_BUNDLE_IDENTIFIER = "com.aluben.Home-Evaluator";
				PRODUCT_NAME = "$(TARGET_NAME)";
				SDKROOT = auto;
				SUPPORTED_PLATFORMS = "iphoneos iphonesimulator macosx";
				SWIFT_EMIT_LOC_STRINGS = YES;
				SWIFT_VERSION = 5.0;
				TARGETED_DEVICE_FAMILY = "1,2";
			};
			name = Release;
		};
/* End XCBuildConfiguration section */

/* Begin XCConfigurationList section */
		233DF6912AF6D7300020F2F8 /* Build configuration list for PBXProject "Home-Evaluator" */ = {
			isa = XCConfigurationList;
			buildConfigurations = (
				233DF6A32AF6D7330020F2F8 /* Debug */,
				233DF6A42AF6D7330020F2F8 /* Release */,
			);
			defaultConfigurationIsVisible = 0;
			defaultConfigurationName = Release;
		};
		233DF6A52AF6D7330020F2F8 /* Build configuration list for PBXNativeTarget "Home-Evaluator" */ = {
			isa = XCConfigurationList;
			buildConfigurations = (
				233DF6A62AF6D7330020F2F8 /* Debug */,
				233DF6A72AF6D7330020F2F8 /* Release */,
			);
			defaultConfigurationIsVisible = 0;
			defaultConfigurationName = Release;
		};
/* End XCConfigurationList section */
	};
	rootObject = 233DF68E2AF6D7300020F2F8 /* Project object */;
}
